// !$*UTF8*$!
{
	archiveVersion = 1;
	classes = {
	};
	objectVersion = 46;
	objects = {

/* Begin PBXBuildFile section */
		3A507CCC1F77FD7200D7821C /* AppDelegate.swift in Sources */ = {isa = PBXBuildFile; fileRef = 3A507CCB1F77FD7200D7821C /* AppDelegate.swift */; };
		3A507CCE1F77FD7200D7821C /* ViewController.swift in Sources */ = {isa = PBXBuildFile; fileRef = 3A507CCD1F77FD7200D7821C /* ViewController.swift */; };
		3A507CD11F77FD7300D7821C /* Main.storyboard in Resources */ = {isa = PBXBuildFile; fileRef = 3A507CCF1F77FD7200D7821C /* Main.storyboard */; };
		3A507CD31F77FD7300D7821C /* Assets.xcassets in Resources */ = {isa = PBXBuildFile; fileRef = 3A507CD21F77FD7300D7821C /* Assets.xcassets */; };
		3A507CD61F77FD7300D7821C /* LaunchScreen.storyboard in Resources */ = {isa = PBXBuildFile; fileRef = 3A507CD41F77FD7300D7821C /* LaunchScreen.storyboard */; };
/* End PBXBuildFile section */

/* Begin PBXFileReference section */
		3A507CC81F77FD7200D7821C /* RazorpaySwift.app */ = {isa = PBXFileReference; explicitFileType = wrapper.application; includeInIndex = 0; path = RazorpaySwift.app; sourceTree = BUILT_PRODUCTS_DIR; };
		3A507CCB1F77FD7200D7821C /* AppDelegate.swift */ = {isa = PBXFileReference; lastKnownFileType = sourcecode.swift; path = AppDelegate.swift; sourceTree = "<group>"; };
		3A507CCD1F77FD7200D7821C /* ViewController.swift */ = {isa = PBXFileReference; lastKnownFileType = sourcecode.swift; path = ViewController.swift; sourceTree = "<group>"; };
		3A507CD01F77FD7200D7821C /* Base */ = {isa = PBXFileReference; lastKnownFileType = file.storyboard; name = Base; path = Base.lproj/Main.storyboard; sourceTree = "<group>"; };
		3A507CD21F77FD7300D7821C /* Assets.xcassets */ = {isa = PBXFileReference; lastKnownFileType = folder.assetcatalog; path = Assets.xcassets; sourceTree = "<group>"; };
		3A507CD51F77FD7300D7821C /* Base */ = {isa = PBXFileReference; lastKnownFileType = file.storyboard; name = Base; path = Base.lproj/LaunchScreen.storyboard; sourceTree = "<group>"; };
		3A507CD71F77FD7300D7821C /* Info.plist */ = {isa = PBXFileReference; lastKnownFileType = text.plist.xml; path = Info.plist; sourceTree = "<group>"; };
/* End PBXFileReference section */

/* Begin PBXFrameworksBuildPhase section */
		3A507CC51F77FD7100D7821C /* Frameworks */ = {
			isa = PBXFrameworksBuildPhase;
			buildActionMask = 2147483647;
			files = (
			);
			runOnlyForDeploymentPostprocessing = 0;
		};
/* End PBXFrameworksBuildPhase section */

/* Begin PBXGroup section */
		3A507CBF1F77FD7100D7821C = {
			isa = PBXGroup;
			children = (
				3A507CCA1F77FD7200D7821C /* RazorpaySwift */,
				3A507CC91F77FD7200D7821C /* Products */,
			);
			sourceTree = "<group>";
		};
		3A507CC91F77FD7200D7821C /* Products */ = {
			isa = PBXGroup;
			children = (
				3A507CC81F77FD7200D7821C /* RazorpaySwift.app */,
			);
			name = Products;
			sourceTree = "<group>";
		};
		3A507CCA1F77FD7200D7821C /* RazorpaySwift */ = {
			isa = PBXGroup;
			children = (
				3A507CCB1F77FD7200D7821C /* AppDelegate.swift */,
				3A507CCD1F77FD7200D7821C /* ViewController.swift */,
				3A507CCF1F77FD7200D7821C /* Main.storyboard */,
				3A507CD21F77FD7300D7821C /* Assets.xcassets */,
				3A507CD41F77FD7300D7821C /* LaunchScreen.storyboard */,
				3A507CD71F77FD7300D7821C /* Info.plist */,
			);
			path = RazorpaySwift;
			sourceTree = "<group>";
		};
/* End PBXGroup section */

/* Begin PBXNativeTarget section */
		3A507CC71F77FD7100D7821C /* RazorpaySwift */ = {
			isa = PBXNativeTarget;
			buildConfigurationList = 3A507CDA1F77FD7300D7821C /* Build configuration list for PBXNativeTarget "RazorpaySwift" */;
			buildPhases = (
				3A507CC41F77FD7100D7821C /* Sources */,
				3A507CC51F77FD7100D7821C /* Frameworks */,
				3A507CC61F77FD7100D7821C /* Resources */,
			);
			buildRules = (
			);
			dependencies = (
			);
			name = RazorpaySwift;
			productName = RazorpaySwift;
			productReference = 3A507CC81F77FD7200D7821C /* RazorpaySwift.app */;
			productType = "com.apple.product-type.application";
		};
/* End PBXNativeTarget section */

/* Begin PBXProject section */
		3A507CC01F77FD7100D7821C /* Project object */ = {
			isa = PBXProject;
			attributes = {
				LastSwiftUpdateCheck = 0820;
				LastUpgradeCheck = 0820;
				ORGANIZATIONNAME = "Harsh Thakkar";
				TargetAttributes = {
					3A507CC71F77FD7100D7821C = {
						CreatedOnToolsVersion = 8.2.1;
						DevelopmentTeam = JFR6BQT7A8;
						ProvisioningStyle = Automatic;
					};
				};
			};
			buildConfigurationList = 3A507CC31F77FD7100D7821C /* Build configuration list for PBXProject "RazorpaySwift" */;
			compatibilityVersion = "Xcode 3.2";
			developmentRegion = English;
			hasScannedForEncodings = 0;
			knownRegions = (
				en,
				Base,
			);
			mainGroup = 3A507CBF1F77FD7100D7821C;
			productRefGroup = 3A507CC91F77FD7200D7821C /* Products */;
			projectDirPath = "";
			projectRoot = "";
			targets = (
				3A507CC71F77FD7100D7821C /* RazorpaySwift */,
			);
		};
/* End PBXProject section */

/* Begin PBXResourcesBuildPhase section */
		3A507CC61F77FD7100D7821C /* Resources */ = {
			isa = PBXResourcesBuildPhase;
			buildActionMask = 2147483647;
			files = (
				3A507CD61F77FD7300D7821C /* LaunchScreen.storyboard in Resources */,
				3A507CD31F77FD7300D7821C /* Assets.xcassets in Resources */,
				3A507CD11F77FD7300D7821C /* Main.storyboard in Resources */,
			);
			runOnlyForDeploymentPostprocessing = 0;
		};
/* End PBXResourcesBuildPhase section */

/* Begin PBXSourcesBuildPhase section */
		3A507CC41F77FD7100D7821C /* Sources */ = {
			isa = PBXSourcesBuildPhase;
			buildActionMask = 2147483647;
			files = (
				3A507CCE1F77FD7200D7821C /* ViewController.swift in Sources */,
				3A507CCC1F77FD7200D7821C /* AppDelegate.swift in Sources */,
			);
			runOnlyForDeploymentPostprocessing = 0;
		};
/* End PBXSourcesBuildPhase section */

/* Begin PBXVariantGroup section */
		3A507CCF1F77FD7200D7821C /* Main.storyboard */ = {
			isa = PBXVariantGroup;
			children = (
				3A507CD01F77FD7200D7821C /* Base */,
			);
			name = Main.storyboard;
			sourceTree = "<group>";
		};
		3A507CD41F77FD7300D7821C /* LaunchScreen.storyboard */ = {
			isa = PBXVariantGroup;
			children = (
				3A507CD51F77FD7300D7821C /* Base */,
			);
			name = LaunchScreen.storyboard;
			sourceTree = "<group>";
		};
/* End PBXVariantGroup section */

/* Begin XCBuildConfiguration section */
		3A507CD81F77FD7300D7821C /* Debug */ = {
			isa = XCBuildConfiguration;
			buildSettings = {
				ALWAYS_SEARCH_USER_PATHS = NO;
				CLANG_ANALYZER_NONNULL = YES;
				CLANG_CXX_LANGUAGE_STANDARD = "gnu++0x";
				CLANG_CXX_LIBRARY = "libc++";
				CLANG_ENABLE_MODULES = YES;
				CLANG_ENABLE_OBJC_ARC = YES;
				CLANG_WARN_BOOL_CONVERSION = YES;
				CLANG_WARN_CONSTANT_CONVERSION = YES;
				CLANG_WARN_DIRECT_OBJC_ISA_USAGE = YES_ERROR;
				CLANG_WARN_DOCUMENTATION_COMMENTS = YES;
				CLANG_WARN_EMPTY_BODY = YES;
				CLANG_WARN_ENUM_CONVERSION = YES;
				CLANG_WARN_INFINITE_RECURSION = YES;
				CLANG_WARN_INT_CONVERSION = YES;
				CLANG_WARN_OBJC_ROOT_CLASS = YES_ERROR;
				CLANG_WARN_SUSPICIOUS_MOVE = YES;
				CLANG_WARN_UNREACHABLE_CODE = YES;
				CLANG_WARN__DUPLICATE_METHOD_MATCH = YES;
				"CODE_SIGN_IDENTITY[sdk=iphoneos*]" = "iPhone Developer";
				COPY_PHASE_STRIP = NO;
				DEBUG_INFORMATION_FORMAT = dwarf;
				ENABLE_STRICT_OBJC_MSGSEND = YES;
				ENABLE_TESTABILITY = YES;
				GCC_C_LANGUAGE_STANDARD = gnu99;
				GCC_DYNAMIC_NO_PIC = NO;
				GCC_NO_COMMON_BLOCKS = YES;
				GCC_OPTIMIZATION_LEVEL = 0;
				GCC_PREPROCESSOR_DEFINITIONS = (
					"DEBUG=1",
					"$(inherited)",
				);
				GCC_WARN_64_TO_32_BIT_CONVERSION = YES;
				GCC_WARN_ABOUT_RETURN_TYPE = YES_ERROR;
				GCC_WARN_UNDECLARED_SELECTOR = YES;
				GCC_WARN_UNINITIALIZED_AUTOS = YES_AGGRESSIVE;
				GCC_WARN_UNUSED_FUNCTION = YES;
				GCC_WARN_UNUSED_VARIABLE = YES;
				IPHONEOS_DEPLOYMENT_TARGET = 10.2;
				MTL_ENABLE_DEBUG_INFO = YES;
				ONLY_ACTIVE_ARCH = YES;
				SDKROOT = iphoneos;
				SWIFT_ACTIVE_COMPILATION_CONDITIONS = DEBUG;
				SWIFT_OPTIMIZATION_LEVEL = "-Onone";
				TARGETED_DEVICE_FAMILY = "1,2";
			};
			name = Debug;
		};
		3A507CD91F77FD7300D7821C /* Release */ = {
			isa = XCBuildConfiguration;
			buildSettings = {
				ALWAYS_SEARCH_USER_PATHS = NO;
				CLANG_ANALYZER_NONNULL = YES;
				CLANG_CXX_LANGUAGE_STANDARD = "gnu++0x";
				CLANG_CXX_LIBRARY = "libc++";
				CLANG_ENABLE_MODULES = YES;
				CLANG_ENABLE_OBJC_ARC = YES;
				CLANG_WARN_BOOL_CONVERSION = YES;
				CLANG_WARN_CONSTANT_CONVERSION = YES;
				CLANG_WARN_DIRECT_OBJC_ISA_USAGE = YES_ERROR;
				CLANG_WARN_DOCUMENTATION_COMMENTS = YES;
				CLANG_WARN_EMPTY_BODY = YES;
				CLANG_WARN_ENUM_CONVERSION = YES;
				CLANG_WARN_INFINITE_RECURSION = YES;
				CLANG_WARN_INT_CONVERSION = YES;
				CLANG_WARN_OBJC_ROOT_CLASS = YES_ERROR;
				CLANG_WARN_SUSPICIOUS_MOVE = YES;
				CLANG_WARN_UNREACHABLE_CODE = YES;
				CLANG_WARN__DUPLICATE_METHOD_MATCH = YES;
				"CODE_SIGN_IDENTITY[sdk=iphoneos*]" = "iPhone Developer";
				COPY_PHASE_STRIP = NO;
				DEBUG_INFORMATION_FORMAT = "dwarf-with-dsym";
				ENABLE_NS_ASSERTIONS = NO;
				ENABLE_STRICT_OBJC_MSGSEND = YES;
				GCC_C_LANGUAGE_STANDARD = gnu99;
				GCC_NO_COMMON_BLOCKS = YES;
				GCC_WARN_64_TO_32_BIT_CONVERSION = YES;
				GCC_WARN_ABOUT_RETURN_TYPE = YES_ERROR;
				GCC_WARN_UNDECLARED_SELECTOR = YES;
				GCC_WARN_UNINITIALIZED_AUTOS = YES_AGGRESSIVE;
				GCC_WARN_UNUSED_FUNCTION = YES;
				GCC_WARN_UNUSED_VARIABLE = YES;
				IPHONEOS_DEPLOYMENT_TARGET = 10.2;
				MTL_ENABLE_DEBUG_INFO = NO;
				SDKROOT = iphoneos;
				SWIFT_OPTIMIZATION_LEVEL = "-Owholemodule";
				TARGETED_DEVICE_FAMILY = "1,2";
				VALIDATE_PRODUCT = YES;
			};
			name = Release;
		};
		3A507CDB1F77FD7300D7821C /* Debug */ = {
			isa = XCBuildConfiguration;
			buildSettings = {
				ASSETCATALOG_COMPILER_APPICON_NAME = AppIcon;
				DEVELOPMENT_TEAM = JFR6BQT7A8;
				INFOPLIST_FILE = RazorpaySwift/Info.plist;
				LD_RUNPATH_SEARCH_PATHS = "$(inherited) @executable_path/Frameworks";
				PRODUCT_BUNDLE_IDENTIFIER = com.harsh.RazorpaySwift;
				PRODUCT_NAME = "$(TARGET_NAME)";
				SWIFT_VERSION = 3.0;
			};
			name = Debug;
		};
		3A507CDC1F77FD7300D7821C /* Release */ = {
			isa = XCBuildConfiguration;
			buildSettings = {
				ASSETCATALOG_COMPILER_APPICON_NAME = AppIcon;
				DEVELOPMENT_TEAM = JFR6BQT7A8;
				INFOPLIST_FILE = RazorpaySwift/Info.plist;
				LD_RUNPATH_SEARCH_PATHS = "$(inherited) @executable_path/Frameworks";
				PRODUCT_BUNDLE_IDENTIFIER = com.harsh.RazorpaySwift;
				PRODUCT_NAME = "$(TARGET_NAME)";
				SWIFT_VERSION = 3.0;
			};
			name = Release;
		};
/* End XCBuildConfiguration section */

/* Begin XCConfigurationList section */
		3A507CC31F77FD7100D7821C /* Build configuration list for PBXProject "RazorpaySwift" */ = {
			isa = XCConfigurationList;
			buildConfigurations = (
				3A507CD81F77FD7300D7821C /* Debug */,
				3A507CD91F77FD7300D7821C /* Release */,
			);
			defaultConfigurationIsVisible = 0;
			defaultConfigurationName = Release;
		};
		3A507CDA1F77FD7300D7821C /* Build configuration list for PBXNativeTarget "RazorpaySwift" */ = {
			isa = XCConfigurationList;
			buildConfigurations = (
				3A507CDB1F77FD7300D7821C /* Debug */,
				3A507CDC1F77FD7300D7821C /* Release */,
			);
			defaultConfigurationIsVisible = 0;
		};
/* End XCConfigurationList section */
	};
	rootObject = 3A507CC01F77FD7100D7821C /* Project object */;
}
